
Microsoft Visual Studio Solution File, Format Version 12.00
# Visual Studio Version 16
VisualStudioVersion = 16.0.29006.145
MinimumVisualStudioVersion = 10.0.40219.1
Project("{FAE04EC0-301F-11D3-BF4B-00C04F79EFBC}") = "BlazorGoogleAuth", "BlazorGoogleAuth\BlazorGoogleAuth.csproj", "{5AA50D09-5D40-460D-9F50-A57556B708BA}"
EndProject
Global
	GlobalSection(SolutionConfigurationPlatforms) = preSolution
		Debug|Any CPU = Debug|Any CPU
		Release|Any CPU = Release|Any CPU
	EndGlobalSection
	GlobalSection(ProjectConfigurationPlatforms) = postSolution
		{5AA50D09-5D40-460D-9F50-A57556B708BA}.Debug|Any CPU.ActiveCfg = Debug|Any CPU
		{5AA50D09-5D40-460D-9F50-A57556B708BA}.Debug|Any CPU.Build.0 = Debug|Any CPU
		{5AA50D09-5D40-460D-9F50-A57556B708BA}.Release|Any CPU.ActiveCfg = Release|Any CPU
		{5AA50D09-5D40-460D-9F50-A57556B708BA}.Release|Any CPU.Build.0 = Release|Any CPU
	EndGlobalSection
	GlobalSection(SolutionProperties) = preSolution
		HideSolutionNode = FALSE
	EndGlobalSection
	GlobalSection(ExtensibilityGlobals) = postSolution
		SolutionGuid = {9B32E41B-5B7E-4096-9650-81EFDD442E51}
	EndGlobalSection
EndGlobal
